
Microsoft Visual Studio Solution File, Format Version 12.00
# Visual Studio 2013
VisualStudioVersion = 12.0.30110.0
MinimumVisualStudioVersion = 10.0.40219.1
Project("{FAE04EC0-301F-11D3-BF4B-00C04F79EFBC}") = "BYU", "BYU\BYU.csproj", "{C70BB8A0-DD8C-4D9A-9014-A770E2E82192}"
EndProject
Project("{FAE04EC0-301F-11D3-BF4B-00C04F79EFBC}") = "ScheduleWidgetClassLibWin8", "ScheduleWidgetClassLibWin8\ScheduleWidgetClassLibWin8\ScheduleWidgetClassLibWin8.csproj", "{D5648A3D-5432-4FC7-9467-C19684C1518C}"
EndProject
Project("{FAE04EC0-301F-11D3-BF4B-00C04F79EFBC}") = "Common", "Common\Common.csproj", "{C72002E9-FA71-4B6D-9FB4-2DB41D0ED8C0}"
EndProject
Project("{FAE04EC0-301F-11D3-BF4B-00C04F79EFBC}") = "Map", "BYU\Map\Map.csproj", "{4BA1E10B-1A12-4FF4-B97E-AC828C996DED}"
EndProject
Global
	GlobalSection(SolutionConfigurationPlatforms) = preSolution
		Debug|Any CPU = Debug|Any CPU
		Debug|ARM = Debug|ARM
		Debug|x64 = Debug|x64
		Debug|x86 = Debug|x86
		Release|Any CPU = Release|Any CPU
		Release|ARM = Release|ARM
		Release|x64 = Release|x64
		Release|x86 = Release|x86
	EndGlobalSection
	GlobalSection(ProjectConfigurationPlatforms) = postSolution
		{C70BB8A0-DD8C-4D9A-9014-A770E2E82192}.Debug|Any CPU.ActiveCfg = Debug|Any CPU
		{C70BB8A0-DD8C-4D9A-9014-A770E2E82192}.Debug|Any CPU.Build.0 = Debug|Any CPU
		{C70BB8A0-DD8C-4D9A-9014-A770E2E82192}.Debug|Any CPU.Deploy.0 = Debug|Any CPU
		{C70BB8A0-DD8C-4D9A-9014-A770E2E82192}.Debug|ARM.ActiveCfg = Debug|ARM
		{C70BB8A0-DD8C-4D9A-9014-A770E2E82192}.Debug|ARM.Build.0 = Debug|ARM
		{C70BB8A0-DD8C-4D9A-9014-A770E2E82192}.Debug|ARM.Deploy.0 = Debug|ARM
		{C70BB8A0-DD8C-4D9A-9014-A770E2E82192}.Debug|x64.ActiveCfg = Debug|x64
		{C70BB8A0-DD8C-4D9A-9014-A770E2E82192}.Debug|x64.Build.0 = Debug|x64
		{C70BB8A0-DD8C-4D9A-9014-A770E2E82192}.Debug|x64.Deploy.0 = Debug|x64
		{C70BB8A0-DD8C-4D9A-9014-A770E2E82192}.Debug|x86.ActiveCfg = Debug|x86
		{C70BB8A0-DD8C-4D9A-9014-A770E2E82192}.Debug|x86.Build.0 = Debug|x86
		{C70BB8A0-DD8C-4D9A-9014-A770E2E82192}.Debug|x86.Deploy.0 = Debug|x86
		{C70BB8A0-DD8C-4D9A-9014-A770E2E82192}.Release|Any CPU.ActiveCfg = Release|Any CPU
		{C70BB8A0-DD8C-4D9A-9014-A770E2E82192}.Release|Any CPU.Build.0 = Release|Any CPU
		{C70BB8A0-DD8C-4D9A-9014-A770E2E82192}.Release|Any CPU.Deploy.0 = Release|Any CPU
		{C70BB8A0-DD8C-4D9A-9014-A770E2E82192}.Release|ARM.ActiveCfg = Release|ARM
		{C70BB8A0-DD8C-4D9A-9014-A770E2E82192}.Release|ARM.Build.0 = Release|ARM
		{C70BB8A0-DD8C-4D9A-9014-A770E2E82192}.Release|ARM.Deploy.0 = Release|ARM
		{C70BB8A0-DD8C-4D9A-9014-A770E2E82192}.Release|x64.ActiveCfg = Release|x64
		{C70BB8A0-DD8C-4D9A-9014-A770E2E82192}.Release|x64.Build.0 = Release|x64
		{C70BB8A0-DD8C-4D9A-9014-A770E2E82192}.Release|x64.Deploy.0 = Release|x64
		{C70BB8A0-DD8C-4D9A-9014-A770E2E82192}.Release|x86.ActiveCfg = Release|x86
		{C70BB8A0-DD8C-4D9A-9014-A770E2E82192}.Release|x86.Build.0 = Release|x86
		{C70BB8A0-DD8C-4D9A-9014-A770E2E82192}.Release|x86.Deploy.0 = Release|x86
		{D5648A3D-5432-4FC7-9467-C19684C1518C}.Debug|Any CPU.ActiveCfg = Debug|Any CPU
		{D5648A3D-5432-4FC7-9467-C19684C1518C}.Debug|Any CPU.Build.0 = Debug|Any CPU
		{D5648A3D-5432-4FC7-9467-C19684C1518C}.Debug|ARM.ActiveCfg = Debug|ARM
		{D5648A3D-5432-4FC7-9467-C19684C1518C}.Debug|ARM.Build.0 = Debug|ARM
		{D5648A3D-5432-4FC7-9467-C19684C1518C}.Debug|x64.ActiveCfg = Debug|x64
		{D5648A3D-5432-4FC7-9467-C19684C1518C}.Debug|x64.Build.0 = Debug|x64
		{D5648A3D-5432-4FC7-9467-C19684C1518C}.Debug|x86.ActiveCfg = Debug|x86
		{D5648A3D-5432-4FC7-9467-C19684C1518C}.Debug|x86.Build.0 = Debug|x86
		{D5648A3D-5432-4FC7-9467-C19684C1518C}.Release|Any CPU.ActiveCfg = Release|Any CPU
		{D5648A3D-5432-4FC7-9467-C19684C1518C}.Release|Any CPU.Build.0 = Release|Any CPU
		{D5648A3D-5432-4FC7-9467-C19684C1518C}.Release|ARM.ActiveCfg = Release|ARM
		{D5648A3D-5432-4FC7-9467-C19684C1518C}.Release|ARM.Build.0 = Release|ARM
		{D5648A3D-5432-4FC7-9467-C19684C1518C}.Release|x64.ActiveCfg = Release|x64
		{D5648A3D-5432-4FC7-9467-C19684C1518C}.Release|x64.Build.0 = Release|x64
		{D5648A3D-5432-4FC7-9467-C19684C1518C}.Release|x86.ActiveCfg = Release|x86
		{D5648A3D-5432-4FC7-9467-C19684C1518C}.Release|x86.Build.0 = Release|x86
		{C72002E9-FA71-4B6D-9FB4-2DB41D0ED8C0}.Debug|Any CPU.ActiveCfg = Debug|Any CPU
		{C72002E9-FA71-4B6D-9FB4-2DB41D0ED8C0}.Debug|Any CPU.Build.0 = Debug|Any CPU
		{C72002E9-FA71-4B6D-9FB4-2DB41D0ED8C0}.Debug|ARM.ActiveCfg = Debug|ARM
		{C72002E9-FA71-4B6D-9FB4-2DB41D0ED8C0}.Debug|ARM.Build.0 = Debug|ARM
		{C72002E9-FA71-4B6D-9FB4-2DB41D0ED8C0}.Debug|x64.ActiveCfg = Debug|x64
		{C72002E9-FA71-4B6D-9FB4-2DB41D0ED8C0}.Debug|x64.Build.0 = Debug|x64
		{C72002E9-FA71-4B6D-9FB4-2DB41D0ED8C0}.Debug|x86.ActiveCfg = Debug|x86
		{C72002E9-FA71-4B6D-9FB4-2DB41D0ED8C0}.Debug|x86.Build.0 = Debug|x86
		{C72002E9-FA71-4B6D-9FB4-2DB41D0ED8C0}.Release|Any CPU.ActiveCfg = Release|Any CPU
		{C72002E9-FA71-4B6D-9FB4-2DB41D0ED8C0}.Release|Any CPU.Build.0 = Release|Any CPU
		{C72002E9-FA71-4B6D-9FB4-2DB41D0ED8C0}.Release|ARM.ActiveCfg = Release|ARM
		{C72002E9-FA71-4B6D-9FB4-2DB41D0ED8C0}.Release|ARM.Build.0 = Release|ARM
		{C72002E9-FA71-4B6D-9FB4-2DB41D0ED8C0}.Release|x64.ActiveCfg = Release|x64
		{C72002E9-FA71-4B6D-9FB4-2DB41D0ED8C0}.Release|x64.Build.0 = Release|x64
		{C72002E9-FA71-4B6D-9FB4-2DB41D0ED8C0}.Release|x86.ActiveCfg = Release|x86
		{C72002E9-FA71-4B6D-9FB4-2DB41D0ED8C0}.Release|x86.Build.0 = Release|x86
		{4BA1E10B-1A12-4FF4-B97E-AC828C996DED}.Debug|Any CPU.ActiveCfg = Debug|x86
		{4BA1E10B-1A12-4FF4-B97E-AC828C996DED}.Debug|Any CPU.Build.0 = Debug|x86
		{4BA1E10B-1A12-4FF4-B97E-AC828C996DED}.Debug|Any CPU.Deploy.0 = Debug|x86
		{4BA1E10B-1A12-4FF4-B97E-AC828C996DED}.Debug|ARM.ActiveCfg = Debug|ARM
		{4BA1E10B-1A12-4FF4-B97E-AC828C996DED}.Debug|ARM.Build.0 = Debug|ARM
		{4BA1E10B-1A12-4FF4-B97E-AC828C996DED}.Debug|ARM.Deploy.0 = Debug|ARM
		{4BA1E10B-1A12-4FF4-B97E-AC828C996DED}.Debug|x64.ActiveCfg = Debug|x64
		{4BA1E10B-1A12-4FF4-B97E-AC828C996DED}.Debug|x64.Build.0 = Debug|x64
		{4BA1E10B-1A12-4FF4-B97E-AC828C996DED}.Debug|x64.Deploy.0 = Debug|x64
		{4BA1E10B-1A12-4FF4-B97E-AC828C996DED}.Debug|x86.ActiveCfg = Debug|x86
		{4BA1E10B-1A12-4FF4-B97E-AC828C996DED}.Debug|x86.Build.0 = Debug|x86
		{4BA1E10B-1A12-4FF4-B97E-AC828C996DED}.Debug|x86.Deploy.0 = Debug|x86
		{4BA1E10B-1A12-4FF4-B97E-AC828C996DED}.Release|Any CPU.ActiveCfg = Release|Any CPU
		{4BA1E10B-1A12-4FF4-B97E-AC828C996DED}.Release|Any CPU.Build.0 = Release|Any CPU
		{4BA1E10B-1A12-4FF4-B97E-AC828C996DED}.Release|Any CPU.Deploy.0 = Release|Any CPU
		{4BA1E10B-1A12-4FF4-B97E-AC828C996DED}.Release|ARM.ActiveCfg = Release|ARM
		{4BA1E10B-1A12-4FF4-B97E-AC828C996DED}.Release|ARM.Build.0 = Release|ARM
		{4BA1E10B-1A12-4FF4-B97E-AC828C996DED}.Release|ARM.Deploy.0 = Release|ARM
		{4BA1E10B-1A12-4FF4-B97E-AC828C996DED}.Release|x64.ActiveCfg = Release|x64
		{4BA1E10B-1A12-4FF4-B97E-AC828C996DED}.Release|x64.Build.0 = Release|x64
		{4BA1E10B-1A12-4FF4-B97E-AC828C996DED}.Release|x64.Deploy.0 = Release|x64
		{4BA1E10B-1A12-4FF4-B97E-AC828C996DED}.Release|x86.ActiveCfg = Release|x86
		{4BA1E10B-1A12-4FF4-B97E-AC828C996DED}.Release|x86.Build.0 = Release|x86
		{4BA1E10B-1A12-4FF4-B97E-AC828C996DED}.Release|x86.Deploy.0 = Release|x86
	EndGlobalSection
	GlobalSection(SolutionProperties) = preSolution
		HideSolutionNode = FALSE
	EndGlobalSection
EndGlobal
